# This file is automatically @generated by Cargo.
# It is not intended for manual editing.
version = 3

[[package]]
name = "vulpi-location"
version = "0.1.0"

[[package]]
name = "vulpi-parser"
version = "0.1.0"
dependencies = [
 "vulpi-location",
 "vulpi-syntax",
]

[[package]]
name = "vulpi-syntax"
version = "0.1.0"
dependencies = [
 "vulpi-location",
]
